PODS:
  - IQKeyboardManager (6.2.0)
  - Result (3.2.4)
  - SDWebImage (4.4.2):
    - SDWebImage/Core (= 4.4.2)
  - SDWebImage/Core (4.4.2)
  - SVProgressHUD (2.2.5)
  - TrueTime (5.0.0):
    - Result (~> 3.0)

DEPENDENCIES:
  - IQKeyboardManager
  - SDWebImage (~> 4.0)
  - SVProgressHUD
  - TrueTime

SPEC REPOS:
  https://github.com/cocoapods/specs.git:
    - IQKeyboardManager
    - Result
    - SDWebImage
    - SVProgressHUD
    - TrueTime

SPEC CHECKSUMS:
  IQKeyboardManager: 6194101620b73af5e67900b8f89707a99de0b804
  Result: d2d07204ce72856f1fd9130bbe42c35a7b0fea10
  SDWebImage: 624d6e296c69b244bcede364c72ae0430ac14681
  SVProgressHUD: 1428aafac632c1f86f62aa4243ec12008d7a51d6
  TrueTime: 8fcd3bbbee664a46ab093ac22882eef4aab26229

PODFILE CHECKSUM: eff190c8f5e36dd0157f2cc07e8012fe69b7637e

COCOAPODS: 1.6.0.beta.1
